
Microsoft Visual Studio Solution File, Format Version 12.00
# Visual Studio 2012
Project("{FAE04EC0-301F-11D3-BF4B-00C04F79EFBC}") = "WS_MiMetaBG", "WS_MiMetaBG\WS_MiMetaBG.csproj", "{9559296C-21D7-4AEB-A57E-EFF3A3AAFA96}"
EndProject
Project("{FAE04EC0-301F-11D3-BF4B-00C04F79EFBC}") = "MiMetaBG_AccesoDatos", "MiMetaBG_AccesoDatos\MiMetaBG_AccesoDatos.csproj", "{084BBAEA-AC75-490E-8ADB-13D0867492A9}"
EndProject
Global
	GlobalSection(TeamFoundationVersionControl) = preSolution
		SccNumberOfProjects = 3
		SccEnterpriseProvider = {4CA58AB2-18FA-4F8D-95D4-32DDF27D184C}
		SccTeamFoundationServer = http://gyetfsapp01:8080/tfs/proyectosbg
		SccLocalPath0 = .
		SccProjectUniqueName1 = WS_MiMetaBG\\WS_MiMetaBG.csproj
		SccProjectName1 = WS_MiMetaBG
		SccLocalPath1 = WS_MiMetaBG
		SccProjectUniqueName2 = MiMetaBG_AccesoDatos\\MiMetaBG_AccesoDatos.csproj
		SccProjectName2 = MiMetaBG_AccesoDatos
		SccLocalPath2 = MiMetaBG_AccesoDatos
	EndGlobalSection
	GlobalSection(SolutionConfigurationPlatforms) = preSolution
		Debug|Any CPU = Debug|Any CPU
		Release|Any CPU = Release|Any CPU
	EndGlobalSection
	GlobalSection(ProjectConfigurationPlatforms) = postSolution
		{9559296C-21D7-4AEB-A57E-EFF3A3AAFA96}.Debug|Any CPU.ActiveCfg = Debug|Any CPU
		{9559296C-21D7-4AEB-A57E-EFF3A3AAFA96}.Debug|Any CPU.Build.0 = Debug|Any CPU
		{9559296C-21D7-4AEB-A57E-EFF3A3AAFA96}.Release|Any CPU.ActiveCfg = Release|Any CPU
		{9559296C-21D7-4AEB-A57E-EFF3A3AAFA96}.Release|Any CPU.Build.0 = Release|Any CPU
		{084BBAEA-AC75-490E-8ADB-13D0867492A9}.Debug|Any CPU.ActiveCfg = Debug|Any CPU
		{084BBAEA-AC75-490E-8ADB-13D0867492A9}.Debug|Any CPU.Build.0 = Debug|Any CPU
		{084BBAEA-AC75-490E-8ADB-13D0867492A9}.Release|Any CPU.ActiveCfg = Release|Any CPU
		{084BBAEA-AC75-490E-8ADB-13D0867492A9}.Release|Any CPU.Build.0 = Release|Any CPU
	EndGlobalSection
	GlobalSection(SolutionProperties) = preSolution
		HideSolutionNode = FALSE
	EndGlobalSection
EndGlobal
